
Microsoft Visual Studio Solution File, Format Version 12.00
# Visual Studio Version 17
VisualStudioVersion = 17.4.33213.308
MinimumVisualStudioVersion = 10.0.40219.1
Project("{FAE04EC0-301F-11D3-BF4B-00C04F79EFBC}") = "ProyectoWebApiRest", "ProyectoWebApiRest.csproj", "{D25D9EFD-C009-4753-B33D-C2B2F323F3F2}"
EndProject
Global
	GlobalSection(SolutionConfigurationPlatforms) = preSolution
		Debug|Any CPU = Debug|Any CPU
		Release|Any CPU = Release|Any CPU
	EndGlobalSection
	GlobalSection(ProjectConfigurationPlatforms) = postSolution
		{D25D9EFD-C009-4753-B33D-C2B2F323F3F2}.Debug|Any CPU.ActiveCfg = Debug|Any CPU
		{D25D9EFD-C009-4753-B33D-C2B2F323F3F2}.Debug|Any CPU.Build.0 = Debug|Any CPU
		{D25D9EFD-C009-4753-B33D-C2B2F323F3F2}.Release|Any CPU.ActiveCfg = Release|Any CPU
		{D25D9EFD-C009-4753-B33D-C2B2F323F3F2}.Release|Any CPU.Build.0 = Release|Any CPU
	EndGlobalSection
	GlobalSection(SolutionProperties) = preSolution
		HideSolutionNode = FALSE
	EndGlobalSection
	GlobalSection(ExtensibilityGlobals) = postSolution
		SolutionGuid = {19DF6A1F-1529-49F1-AB30-FAC0036D9999}
	EndGlobalSection
EndGlobal
